{"1.1.0",
[{<<"acceptor_pool">>,{pkg,<<"acceptor_pool">>,<<"1.0.0-rc.0">>},0},
 {<<"chatterbox">>,
  {git,"https://github.com/tsloughter/chatterbox",
       {ref,"0d8c06bf23ec65a6a500337d25e856b850a7d711"}},
  0},
 {<<"counters">>,{pkg,<<"counters">>,<<"0.2.0">>},1},
 {<<"ctx">>,
  {git,"https://github.com/tsloughter/ctx",
       {ref,"b7e0c8dd0652a952a901521ed0c6b0d01b19a022"}},
  0},
 {<<"gpb">>,{pkg,<<"gpb">>,<<"4.1.9">>},1},
 {<<"gproc">>,{pkg,<<"gproc">>,<<"0.8.0">>},0},
 {<<"grpc_lib">>,{pkg,<<"grpc_lib">>,<<"0.1.2">>},0},
 {<<"hpack">>,{pkg,<<"hpack_erl">>,<<"0.2.3">>},1},
 {<<"jsx">>,{pkg,<<"jsx">>,<<"2.9.0">>},1},
 {<<"recon">>,{pkg,<<"recon">>,<<"2.3.5">>},0},
 {<<"rfc3339">>,{pkg,<<"rfc3339">>,<<"0.9.0">>},2},
 {<<"wts">>,{pkg,<<"wts">>,<<"0.3.0">>},1}]}.
[
{pkg_hash,[
 {<<"acceptor_pool">>, <<"679D741DF87FC13599B1AEF2DF8F78F1F880449A6BEFAB7C44FB6FAE0E92A2DE">>},
 {<<"counters">>, <<"EF00F33404FDD9BD233F9B7966233222469E4560DBE1C712EA2E1AB63BB8FEFD">>},
 {<<"gpb">>, <<"B5A304C8F41AF8DD3D04F69841EEE6B55AC1A6F97AABC0B240B8DC0D0E9FCF84">>},
 {<<"gproc">>, <<"CEA02C578589C61E5341FCE149EA36CCEF236CC2ECAC8691FBA408E7EA77EC2F">>},
 {<<"grpc_lib">>, <<"F5CBF5F836AA26AB347783FCC4C0A4A3D27D95311E56AAFEC956691BE1570D2E">>},
 {<<"hpack">>, <<"17670F83FF984AE6CD74B1C456EDDE906D27FF013740EE4D9EFAA4F1BF999633">>},
 {<<"jsx">>, <<"D2F6E5F069C00266CAD52FB15D87C428579EA4D7D73A33669E12679E203329DD">>},
 {<<"recon">>, <<"5136EB8F8020A440F5F894F1C11E7FA9480315B2E6E398B0E46609CB963E768A">>},
 {<<"rfc3339">>, <<"2075653DC9407541C84B1E15F8BDA2ABE95FB17C9694025E079583F2D19C1060">>},
 {<<"wts">>, <<"5CDF22C775CB1EBAE24C326A5DB6074D753C42F4BD12A9AA47CC62D3E2C71AD1">>}]}
].
